// !$*UTF8*$!
{
	archiveVersion = 1;
	classes = {
	};
	objectVersion = 50;
	objects = {

/* Begin PBXBuildFile section */
		5604F5C724A50DB9005039C1 /* EulerManager.swift in Sources */ = {isa = PBXBuildFile; fileRef = 569A7616247BDE98003021ED /* EulerManager.swift */; };
		5604F5C824A50DB9005039C1 /* ContentView.swift in Sources */ = {isa = PBXBuildFile; fileRef = 569A75F3247BD9CA003021ED /* ContentView.swift */; };
		5604F5C924A50DB9005039C1 /* ProjectEulerApp.swift in Sources */ = {isa = PBXBuildFile; fileRef = 56D0885224A50A7900B77033 /* ProjectEulerApp.swift */; };
		5604F5CA24A50DBE005039C1 /* Power.swift in Sources */ = {isa = PBXBuildFile; fileRef = 5612BE99248EFCB00076D631 /* Power.swift */; };
		5604F5CB24A50DBE005039C1 /* PrimeFactors.swift in Sources */ = {isa = PBXBuildFile; fileRef = 568F50232487287E00AAC556 /* PrimeFactors.swift */; };
		5604F5CC24A50DBE005039C1 /* IsPrime.swift in Sources */ = {isa = PBXBuildFile; fileRef = 56D53B08248EF65200631233 /* IsPrime.swift */; };
		5604F5CD24A50DC4005039C1 /* Problem0004.swift in Sources */ = {isa = PBXBuildFile; fileRef = 56BDF053248B1D1F00AC84F4 /* Problem0004.swift */; };
		5604F5CE24A50DC4005039C1 /* Problem0005.swift in Sources */ = {isa = PBXBuildFile; fileRef = 56D53B06248EF58600631233 /* Problem0005.swift */; };
		5604F5CF24A50DC4005039C1 /* Problem0002.swift in Sources */ = {isa = PBXBuildFile; fileRef = 56BBD289248631FA008FFC8A /* Problem0002.swift */; };
		5604F5D024A50DC4005039C1 /* Problem0001.swift in Sources */ = {isa = PBXBuildFile; fileRef = 569A7612247BDA9B003021ED /* Problem0001.swift */; };
		5604F5D124A50DC4005039C1 /* Problem0003.swift in Sources */ = {isa = PBXBuildFile; fileRef = 568F5020248727DA00AAC556 /* Problem0003.swift */; };
		5604F5D224A50DC4005039C1 /* Problem0006.swift in Sources */ = {isa = PBXBuildFile; fileRef = 569319BE24999A9D00EA6EE5 /* Problem0006.swift */; };
		5612BE9A248EFCB00076D631 /* Power.swift in Sources */ = {isa = PBXBuildFile; fileRef = 5612BE99248EFCB00076D631 /* Power.swift */; };
		563957AB24CF46A5007B413D /* Problem0009.swift in Sources */ = {isa = PBXBuildFile; fileRef = 563957AA24CF46A5007B413D /* Problem0009.swift */; };
		563957AC24CF46A5007B413D /* Problem0009.swift in Sources */ = {isa = PBXBuildFile; fileRef = 563957AA24CF46A5007B413D /* Problem0009.swift */; };
		563D6EBD24F6E58F001812BF /* Problem0013.swift in Sources */ = {isa = PBXBuildFile; fileRef = 563D6EBC24F6E58F001812BF /* Problem0013.swift */; };
		563D6EBE24F6E58F001812BF /* Problem0013.swift in Sources */ = {isa = PBXBuildFile; fileRef = 563D6EBC24F6E58F001812BF /* Problem0013.swift */; };
		5650D5342502B597005115A9 /* Problem0014.swift in Sources */ = {isa = PBXBuildFile; fileRef = 5650D5332502B597005115A9 /* Problem0014.swift */; };
		5650D5352502B597005115A9 /* Problem0014.swift in Sources */ = {isa = PBXBuildFile; fileRef = 5650D5332502B597005115A9 /* Problem0014.swift */; };
		5650D5372502B612005115A9 /* Collatz.swift in Sources */ = {isa = PBXBuildFile; fileRef = 5650D5362502B612005115A9 /* Collatz.swift */; };
		5650D5382502B612005115A9 /* Collatz.swift in Sources */ = {isa = PBXBuildFile; fileRef = 5650D5362502B612005115A9 /* Collatz.swift */; };
		5661DD8B24B1EF3100FE16D4 /* Problem0007.swift in Sources */ = {isa = PBXBuildFile; fileRef = 5661DD8A24B1EF3100FE16D4 /* Problem0007.swift */; };
		5661DD8C24B1EF3100FE16D4 /* Problem0007.swift in Sources */ = {isa = PBXBuildFile; fileRef = 5661DD8A24B1EF3100FE16D4 /* Problem0007.swift */; };
		568830B024BDAA1100077250 /* Problem0008.swift in Sources */ = {isa = PBXBuildFile; fileRef = 568830AF24BDAA1100077250 /* Problem0008.swift */; };
		568830B124BDAA1100077250 /* Problem0008.swift in Sources */ = {isa = PBXBuildFile; fileRef = 568830AF24BDAA1100077250 /* Problem0008.swift */; };
		568830B324BDAA7100077250 /* ProblemData.swift in Sources */ = {isa = PBXBuildFile; fileRef = 568830B224BDAA7100077250 /* ProblemData.swift */; };
		568830B424BDAA7100077250 /* ProblemData.swift in Sources */ = {isa = PBXBuildFile; fileRef = 568830B224BDAA7100077250 /* ProblemData.swift */; };
		568F5021248727DA00AAC556 /* Problem0003.swift in Sources */ = {isa = PBXBuildFile; fileRef = 568F5020248727DA00AAC556 /* Problem0003.swift */; };
		568F50242487287E00AAC556 /* PrimeFactors.swift in Sources */ = {isa = PBXBuildFile; fileRef = 568F50232487287E00AAC556 /* PrimeFactors.swift */; };
		569319BF24999A9D00EA6EE5 /* Problem0006.swift in Sources */ = {isa = PBXBuildFile; fileRef = 569319BE24999A9D00EA6EE5 /* Problem0006.swift */; };
		569A75F4247BD9CA003021ED /* ContentView.swift in Sources */ = {isa = PBXBuildFile; fileRef = 569A75F3247BD9CA003021ED /* ContentView.swift */; };
		569A7608247BD9CB003021ED /* ProjectEulerTests.swift in Sources */ = {isa = PBXBuildFile; fileRef = 569A7607247BD9CB003021ED /* ProjectEulerTests.swift */; };
		569A7613247BDA9B003021ED /* Problem0001.swift in Sources */ = {isa = PBXBuildFile; fileRef = 569A7612247BDA9B003021ED /* Problem0001.swift */; };
		569A7617247BDE98003021ED /* EulerManager.swift in Sources */ = {isa = PBXBuildFile; fileRef = 569A7616247BDE98003021ED /* EulerManager.swift */; };
		56BBD28A248631FA008FFC8A /* Problem0002.swift in Sources */ = {isa = PBXBuildFile; fileRef = 56BBD289248631FA008FFC8A /* Problem0002.swift */; };
		56BD564224CF9B07002DF2F4 /* Problem0010.swift in Sources */ = {isa = PBXBuildFile; fileRef = 56BD564124CF9B07002DF2F4 /* Problem0010.swift */; };
		56BD564324CF9B07002DF2F4 /* Problem0010.swift in Sources */ = {isa = PBXBuildFile; fileRef = 56BD564124CF9B07002DF2F4 /* Problem0010.swift */; };
		56BD564524CF9D15002DF2F4 /* PrimeSieve.swift in Sources */ = {isa = PBXBuildFile; fileRef = 56BD564424CF9D15002DF2F4 /* PrimeSieve.swift */; };
		56BD564624CF9D15002DF2F4 /* PrimeSieve.swift in Sources */ = {isa = PBXBuildFile; fileRef = 56BD564424CF9D15002DF2F4 /* PrimeSieve.swift */; };
		56BDF054248B1D1F00AC84F4 /* Problem0004.swift in Sources */ = {isa = PBXBuildFile; fileRef = 56BDF053248B1D1F00AC84F4 /* Problem0004.swift */; };
		56C518B724D34C680028F825 /* Problem0011.swift in Sources */ = {isa = PBXBuildFile; fileRef = 56C518B624D34C670028F825 /* Problem0011.swift */; };
		56C518B824D34C680028F825 /* Problem0011.swift in Sources */ = {isa = PBXBuildFile; fileRef = 56C518B624D34C670028F825 /* Problem0011.swift */; };
		56D0885324A50A7900B77033 /* ProjectEulerApp.swift in Sources */ = {isa = PBXBuildFile; fileRef = 56D0885224A50A7900B77033 /* ProjectEulerApp.swift */; };
		56D53B07248EF58600631233 /* Problem0005.swift in Sources */ = {isa = PBXBuildFile; fileRef = 56D53B06248EF58600631233 /* Problem0005.swift */; };
		56D53B09248EF65200631233 /* IsPrime.swift in Sources */ = {isa = PBXBuildFile; fileRef = 56D53B08248EF65200631233 /* IsPrime.swift */; };
		56FC20A324DE9BC000A065E9 /* Problem0012.swift in Sources */ = {isa = PBXBuildFile; fileRef = 56FC20A224DE9BC000A065E9 /* Problem0012.swift */; };
		56FC20A424DE9BC000A065E9 /* Problem0012.swift in Sources */ = {isa = PBXBuildFile; fileRef = 56FC20A224DE9BC000A065E9 /* Problem0012.swift */; };
		56FC20A624DE9CB900A065E9 /* TriangleNumber.swift in Sources */ = {isa = PBXBuildFile; fileRef = 56FC20A524DE9CB900A065E9 /* TriangleNumber.swift */; };
		56FC20A724DE9CB900A065E9 /* TriangleNumber.swift in Sources */ = {isa = PBXBuildFile; fileRef = 56FC20A524DE9CB900A065E9 /* TriangleNumber.swift */; };
		56FC20A924DEA04C00A065E9 /* Factors.swift in Sources */ = {isa = PBXBuildFile; fileRef = 56FC20A824DEA04C00A065E9 /* Factors.swift */; };
		56FC20AA24DEA04C00A065E9 /* Factors.swift in Sources */ = {isa = PBXBuildFile; fileRef = 56FC20A824DEA04C00A065E9 /* Factors.swift */; };
/* End PBXBuildFile section */

/* Begin PBXContainerItemProxy section */
		569A7604247BD9CB003021ED /* PBXContainerItemProxy */ = {
			isa = PBXContainerItemProxy;
			containerPortal = 569A75E6247BD9C9003021ED /* Project object */;
			proxyType = 1;
			remoteGlobalIDString = 569A75ED247BD9C9003021ED;
			remoteInfo = ProjectEuler;
		};
/* End PBXContainerItemProxy section */

/* Begin PBXFileReference section */
		5604F5B824A50D99005039C1 /* iOS.app */ = {isa = PBXFileReference; explicitFileType = wrapper.application; includeInIndex = 0; path = iOS.app; sourceTree = BUILT_PRODUCTS_DIR; };
		5604F5C324A50D99005039C1 /* Info.plist */ = {isa = PBXFileReference; lastKnownFileType = text.plist.xml; path = Info.plist; sourceTree = "<group>"; };
		5612BE99248EFCB00076D631 /* Power.swift */ = {isa = PBXFileReference; lastKnownFileType = sourcecode.swift; path = Power.swift; sourceTree = "<group>"; };
		563957AA24CF46A5007B413D /* Problem0009.swift */ = {isa = PBXFileReference; lastKnownFileType = sourcecode.swift; path = Problem0009.swift; sourceTree = "<group>"; };
		563D6EBC24F6E58F001812BF /* Problem0013.swift */ = {isa = PBXFileReference; lastKnownFileType = sourcecode.swift; path = Problem0013.swift; sourceTree = "<group>"; };
		5650D5332502B597005115A9 /* Problem0014.swift */ = {isa = PBXFileReference; lastKnownFileType = sourcecode.swift; path = Problem0014.swift; sourceTree = "<group>"; };
		5650D5362502B612005115A9 /* Collatz.swift */ = {isa = PBXFileReference; lastKnownFileType = sourcecode.swift; path = Collatz.swift; sourceTree = "<group>"; };
		5661DD8A24B1EF3100FE16D4 /* Problem0007.swift */ = {isa = PBXFileReference; lastKnownFileType = sourcecode.swift; path = Problem0007.swift; sourceTree = "<group>"; };
		568830AF24BDAA1100077250 /* Problem0008.swift */ = {isa = PBXFileReference; lastKnownFileType = sourcecode.swift; path = Problem0008.swift; sourceTree = "<group>"; };
		568830B224BDAA7100077250 /* ProblemData.swift */ = {isa = PBXFileReference; lastKnownFileType = sourcecode.swift; path = ProblemData.swift; sourceTree = "<group>"; };
		568F5020248727DA00AAC556 /* Problem0003.swift */ = {isa = PBXFileReference; lastKnownFileType = sourcecode.swift; path = Problem0003.swift; sourceTree = "<group>"; };
		568F50232487287E00AAC556 /* PrimeFactors.swift */ = {isa = PBXFileReference; lastKnownFileType = sourcecode.swift; path = PrimeFactors.swift; sourceTree = "<group>"; };
		569319BE24999A9D00EA6EE5 /* Problem0006.swift */ = {isa = PBXFileReference; lastKnownFileType = sourcecode.swift; path = Problem0006.swift; sourceTree = "<group>"; };
		569A75EE247BD9CA003021ED /* macOS.app */ = {isa = PBXFileReference; explicitFileType = wrapper.application; includeInIndex = 0; path = macOS.app; sourceTree = BUILT_PRODUCTS_DIR; };
		569A75F3247BD9CA003021ED /* ContentView.swift */ = {isa = PBXFileReference; lastKnownFileType = sourcecode.swift; path = ContentView.swift; sourceTree = "<group>"; };
		569A75FD247BD9CB003021ED /* Info.plist */ = {isa = PBXFileReference; lastKnownFileType = text.plist.xml; path = Info.plist; sourceTree = "<group>"; };
		569A75FE247BD9CB003021ED /* ProjectEuler.entitlements */ = {isa = PBXFileReference; lastKnownFileType = text.plist.entitlements; path = ProjectEuler.entitlements; sourceTree = "<group>"; };
		569A7603247BD9CB003021ED /* Tests.xctest */ = {isa = PBXFileReference; explicitFileType = wrapper.cfbundle; includeInIndex = 0; path = Tests.xctest; sourceTree = BUILT_PRODUCTS_DIR; };
		569A7607247BD9CB003021ED /* ProjectEulerTests.swift */ = {isa = PBXFileReference; lastKnownFileType = sourcecode.swift; path = ProjectEulerTests.swift; sourceTree = "<group>"; };
		569A7609247BD9CB003021ED /* Info.plist */ = {isa = PBXFileReference; lastKnownFileType = text.plist.xml; path = Info.plist; sourceTree = "<group>"; };
		569A7612247BDA9B003021ED /* Problem0001.swift */ = {isa = PBXFileReference; lastKnownFileType = sourcecode.swift; path = Problem0001.swift; sourceTree = "<group>"; };
		569A7616247BDE98003021ED /* EulerManager.swift */ = {isa = PBXFileReference; lastKnownFileType = sourcecode.swift; path = EulerManager.swift; sourceTree = "<group>"; };
		56BBD289248631FA008FFC8A /* Problem0002.swift */ = {isa = PBXFileReference; lastKnownFileType = sourcecode.swift; path = Problem0002.swift; sourceTree = "<group>"; };
		56BD564124CF9B07002DF2F4 /* Problem0010.swift */ = {isa = PBXFileReference; lastKnownFileType = sourcecode.swift; path = Problem0010.swift; sourceTree = "<group>"; };
		56BD564424CF9D15002DF2F4 /* PrimeSieve.swift */ = {isa = PBXFileReference; lastKnownFileType = sourcecode.swift; path = PrimeSieve.swift; sourceTree = "<group>"; };
		56BDF053248B1D1F00AC84F4 /* Problem0004.swift */ = {isa = PBXFileReference; lastKnownFileType = sourcecode.swift; path = Problem0004.swift; sourceTree = "<group>"; };
		56C518B624D34C670028F825 /* Problem0011.swift */ = {isa = PBXFileReference; lastKnownFileType = sourcecode.swift; path = Problem0011.swift; sourceTree = "<group>"; };
		56D0885224A50A7900B77033 /* ProjectEulerApp.swift */ = {isa = PBXFileReference; lastKnownFileType = sourcecode.swift; path = ProjectEulerApp.swift; sourceTree = "<group>"; };
		56D53B06248EF58600631233 /* Problem0005.swift */ = {isa = PBXFileReference; lastKnownFileType = sourcecode.swift; path = Problem0005.swift; sourceTree = "<group>"; };
		56D53B08248EF65200631233 /* IsPrime.swift */ = {isa = PBXFileReference; lastKnownFileType = sourcecode.swift; path = IsPrime.swift; sourceTree = "<group>"; };
		56FC20A224DE9BC000A065E9 /* Problem0012.swift */ = {isa = PBXFileReference; lastKnownFileType = sourcecode.swift; path = Problem0012.swift; sourceTree = "<group>"; };
		56FC20A524DE9CB900A065E9 /* TriangleNumber.swift */ = {isa = PBXFileReference; lastKnownFileType = sourcecode.swift; path = TriangleNumber.swift; sourceTree = "<group>"; };
		56FC20A824DEA04C00A065E9 /* Factors.swift */ = {isa = PBXFileReference; lastKnownFileType = sourcecode.swift; path = Factors.swift; sourceTree = "<group>"; };
/* End PBXFileReference section */

/* Begin PBXFrameworksBuildPhase section */
		5604F5B524A50D99005039C1 /* Frameworks */ = {
			isa = PBXFrameworksBuildPhase;
			buildActionMask = 2147483647;
			files = (
			);
			runOnlyForDeploymentPostprocessing = 0;
		};
		569A75EB247BD9C9003021ED /* Frameworks */ = {
			isa = PBXFrameworksBuildPhase;
			buildActionMask = 2147483647;
			files = (
			);
			runOnlyForDeploymentPostprocessing = 0;
		};
		569A7600247BD9CB003021ED /* Frameworks */ = {
			isa = PBXFrameworksBuildPhase;
			buildActionMask = 2147483647;
			files = (
			);
			runOnlyForDeploymentPostprocessing = 0;
		};
/* End PBXFrameworksBuildPhase section */

/* Begin PBXGroup section */
		5604F5B324A50C4B005039C1 /* Shared */ = {
			isa = PBXGroup;
			children = (
				569A7615247BDBD2003021ED /* Problems */,
				568F50222487286F00AAC556 /* Helpers */,
				569A75F3247BD9CA003021ED /* ContentView.swift */,
				569A7616247BDE98003021ED /* EulerManager.swift */,
				56D0885224A50A7900B77033 /* ProjectEulerApp.swift */,
			);
			path = Shared;
			sourceTree = "<group>";
		};
		5604F5B924A50D99005039C1 /* iOS */ = {
			isa = PBXGroup;
			children = (
				5604F5C324A50D99005039C1 /* Info.plist */,
			);
			path = iOS;
			sourceTree = "<group>";
		};
		568F50222487286F00AAC556 /* Helpers */ = {
			isa = PBXGroup;
			children = (
				5650D5362502B612005115A9 /* Collatz.swift */,
				56FC20A824DEA04C00A065E9 /* Factors.swift */,
				56D53B08248EF65200631233 /* IsPrime.swift */,
				5612BE99248EFCB00076D631 /* Power.swift */,
				568F50232487287E00AAC556 /* PrimeFactors.swift */,
				56BD564424CF9D15002DF2F4 /* PrimeSieve.swift */,
				56FC20A524DE9CB900A065E9 /* TriangleNumber.swift */,
			);
			path = Helpers;
			sourceTree = "<group>";
		};
		569A75E5247BD9C9003021ED = {
			isa = PBXGroup;
			children = (
				5604F5B324A50C4B005039C1 /* Shared */,
				569A75F0247BD9CA003021ED /* Mac */,
				5604F5B924A50D99005039C1 /* iOS */,
				569A7606247BD9CB003021ED /* ProjectEulerTests */,
				569A75EF247BD9CA003021ED /* Products */,
			);
			sourceTree = "<group>";
		};
		569A75EF247BD9CA003021ED /* Products */ = {
			isa = PBXGroup;
			children = (
				569A75EE247BD9CA003021ED /* macOS.app */,
				569A7603247BD9CB003021ED /* Tests.xctest */,
				5604F5B824A50D99005039C1 /* iOS.app */,
			);
			name = Products;
			sourceTree = "<group>";
		};
		569A75F0247BD9CA003021ED /* Mac */ = {
			isa = PBXGroup;
			children = (
				569A75FD247BD9CB003021ED /* Info.plist */,
				569A75FE247BD9CB003021ED /* ProjectEuler.entitlements */,
			);
			path = Mac;
			sourceTree = "<group>";
		};
		569A7606247BD9CB003021ED /* ProjectEulerTests */ = {
			isa = PBXGroup;
			children = (
				569A7607247BD9CB003021ED /* ProjectEulerTests.swift */,
				569A7609247BD9CB003021ED /* Info.plist */,
			);
			path = ProjectEulerTests;
			sourceTree = "<group>";
		};
		569A7615247BDBD2003021ED /* Problems */ = {
			isa = PBXGroup;
			children = (
				568830B224BDAA7100077250 /* ProblemData.swift */,
				569A7612247BDA9B003021ED /* Problem0001.swift */,
				56BBD289248631FA008FFC8A /* Problem0002.swift */,
				568F5020248727DA00AAC556 /* Problem0003.swift */,
				56BDF053248B1D1F00AC84F4 /* Problem0004.swift */,
				56D53B06248EF58600631233 /* Problem0005.swift */,
				569319BE24999A9D00EA6EE5 /* Problem0006.swift */,
				5661DD8A24B1EF3100FE16D4 /* Problem0007.swift */,
				568830AF24BDAA1100077250 /* Problem0008.swift */,
				563957AA24CF46A5007B413D /* Problem0009.swift */,
				56BD564124CF9B07002DF2F4 /* Problem0010.swift */,
				56C518B624D34C670028F825 /* Problem0011.swift */,
				56FC20A224DE9BC000A065E9 /* Problem0012.swift */,
				563D6EBC24F6E58F001812BF /* Problem0013.swift */,
				5650D5332502B597005115A9 /* Problem0014.swift */,
			);
			path = Problems;
			sourceTree = "<group>";
		};
/* End PBXGroup section */

/* Begin PBXNativeTarget section */
		5604F5B724A50D99005039C1 /* iOS */ = {
			isa = PBXNativeTarget;
			buildConfigurationList = 5604F5C424A50D99005039C1 /* Build configuration list for PBXNativeTarget "iOS" */;
			buildPhases = (
				5604F5B424A50D99005039C1 /* Sources */,
				5604F5B524A50D99005039C1 /* Frameworks */,
				5604F5B624A50D99005039C1 /* Resources */,
			);
			buildRules = (
			);
			dependencies = (
			);
			name = iOS;
			productName = iOS;
			productReference = 5604F5B824A50D99005039C1 /* iOS.app */;
			productType = "com.apple.product-type.application";
		};
		569A75ED247BD9C9003021ED /* macOS */ = {
			isa = PBXNativeTarget;
			buildConfigurationList = 569A760C247BD9CB003021ED /* Build configuration list for PBXNativeTarget "macOS" */;
			buildPhases = (
				569A75EA247BD9C9003021ED /* Sources */,
				569A75EB247BD9C9003021ED /* Frameworks */,
				569A75EC247BD9C9003021ED /* Resources */,
			);
			buildRules = (
			);
			dependencies = (
			);
			name = macOS;
			productName = ProjectEuler;
			productReference = 569A75EE247BD9CA003021ED /* macOS.app */;
			productType = "com.apple.product-type.application";
		};
		569A7602247BD9CB003021ED /* Tests */ = {
			isa = PBXNativeTarget;
			buildConfigurationList = 569A760F247BD9CB003021ED /* Build configuration list for PBXNativeTarget "Tests" */;
			buildPhases = (
				569A75FF247BD9CB003021ED /* Sources */,
				569A7600247BD9CB003021ED /* Frameworks */,
				569A7601247BD9CB003021ED /* Resources */,
			);
			buildRules = (
			);
			dependencies = (
				569A7605247BD9CB003021ED /* PBXTargetDependency */,
			);
			name = Tests;
			productName = ProjectEulerTests;
			productReference = 569A7603247BD9CB003021ED /* Tests.xctest */;
			productType = "com.apple.product-type.bundle.unit-test";
		};
/* End PBXNativeTarget section */

/* Begin PBXProject section */
		569A75E6247BD9C9003021ED /* Project object */ = {
			isa = PBXProject;
			attributes = {
				LastSwiftUpdateCheck = 1200;
				LastUpgradeCheck = 1200;
				ORGANIZATIONNAME = "Paul Krueger";
				TargetAttributes = {
					5604F5B724A50D99005039C1 = {
						CreatedOnToolsVersion = 12.0;
					};
					569A75ED247BD9C9003021ED = {
						CreatedOnToolsVersion = 11.5;
					};
					569A7602247BD9CB003021ED = {
						CreatedOnToolsVersion = 11.5;
						TestTargetID = 569A75ED247BD9C9003021ED;
					};
				};
			};
			buildConfigurationList = 569A75E9247BD9C9003021ED /* Build configuration list for PBXProject "ProjectEuler" */;
			compatibilityVersion = "Xcode 9.3";
			developmentRegion = en;
			hasScannedForEncodings = 0;
			knownRegions = (
				en,
				Base,
			);
			mainGroup = 569A75E5247BD9C9003021ED;
			productRefGroup = 569A75EF247BD9CA003021ED /* Products */;
			projectDirPath = "";
			projectRoot = "";
			targets = (
				569A75ED247BD9C9003021ED /* macOS */,
				5604F5B724A50D99005039C1 /* iOS */,
				569A7602247BD9CB003021ED /* Tests */,
			);
		};
/* End PBXProject section */

/* Begin PBXResourcesBuildPhase section */
		5604F5B624A50D99005039C1 /* Resources */ = {
			isa = PBXResourcesBuildPhase;
			buildActionMask = 2147483647;
			files = (
			);
			runOnlyForDeploymentPostprocessing = 0;
		};
		569A75EC247BD9C9003021ED /* Resources */ = {
			isa = PBXResourcesBuildPhase;
			buildActionMask = 2147483647;
			files = (
			);
			runOnlyForDeploymentPostprocessing = 0;
		};
		569A7601247BD9CB003021ED /* Resources */ = {
			isa = PBXResourcesBuildPhase;
			buildActionMask = 2147483647;
			files = (
			);
			runOnlyForDeploymentPostprocessing = 0;
		};
/* End PBXResourcesBuildPhase section */

/* Begin PBXSourcesBuildPhase section */
		5604F5B424A50D99005039C1 /* Sources */ = {
			isa = PBXSourcesBuildPhase;
			buildActionMask = 2147483647;
			files = (
				5604F5CB24A50DBE005039C1 /* PrimeFactors.swift in Sources */,
				5604F5D124A50DC4005039C1 /* Problem0003.swift in Sources */,
				5650D5352502B597005115A9 /* Problem0014.swift in Sources */,
				5604F5CC24A50DBE005039C1 /* IsPrime.swift in Sources */,
				56FC20A724DE9CB900A065E9 /* TriangleNumber.swift in Sources */,
				56BD564324CF9B07002DF2F4 /* Problem0010.swift in Sources */,
				5650D5382502B612005115A9 /* Collatz.swift in Sources */,
				56FC20A424DE9BC000A065E9 /* Problem0012.swift in Sources */,
				5604F5CF24A50DC4005039C1 /* Problem0002.swift in Sources */,
				5604F5CE24A50DC4005039C1 /* Problem0005.swift in Sources */,
				56FC20AA24DEA04C00A065E9 /* Factors.swift in Sources */,
				5604F5C824A50DB9005039C1 /* ContentView.swift in Sources */,
				563957AC24CF46A5007B413D /* Problem0009.swift in Sources */,
				5604F5C724A50DB9005039C1 /* EulerManager.swift in Sources */,
				5661DD8C24B1EF3100FE16D4 /* Problem0007.swift in Sources */,
				563D6EBE24F6E58F001812BF /* Problem0013.swift in Sources */,
				56C518B824D34C680028F825 /* Problem0011.swift in Sources */,
				5604F5D224A50DC4005039C1 /* Problem0006.swift in Sources */,
				568830B424BDAA7100077250 /* ProblemData.swift in Sources */,
				56BD564624CF9D15002DF2F4 /* PrimeSieve.swift in Sources */,
				5604F5C924A50DB9005039C1 /* ProjectEulerApp.swift in Sources */,
				5604F5CD24A50DC4005039C1 /* Problem0004.swift in Sources */,
				568830B124BDAA1100077250 /* Problem0008.swift in Sources */,
				5604F5D024A50DC4005039C1 /* Problem0001.swift in Sources */,
				5604F5CA24A50DBE005039C1 /* Power.swift in Sources */,
			);
			runOnlyForDeploymentPostprocessing = 0;
		};
		569A75EA247BD9C9003021ED /* Sources */ = {
			isa = PBXSourcesBuildPhase;
			buildActionMask = 2147483647;
			files = (
				569A75F4247BD9CA003021ED /* ContentView.swift in Sources */,
				56BDF054248B1D1F00AC84F4 /* Problem0004.swift in Sources */,
				5650D5342502B597005115A9 /* Problem0014.swift in Sources */,
				569A7617247BDE98003021ED /* EulerManager.swift in Sources */,
				56FC20A624DE9CB900A065E9 /* TriangleNumber.swift in Sources */,
				56BD564224CF9B07002DF2F4 /* Problem0010.swift in Sources */,
				5650D5372502B612005115A9 /* Collatz.swift in Sources */,
				56FC20A324DE9BC000A065E9 /* Problem0012.swift in Sources */,
				568F5021248727DA00AAC556 /* Problem0003.swift in Sources */,
				5612BE9A248EFCB00076D631 /* Power.swift in Sources */,
				56FC20A924DEA04C00A065E9 /* Factors.swift in Sources */,
				56D53B07248EF58600631233 /* Problem0005.swift in Sources */,
				563957AB24CF46A5007B413D /* Problem0009.swift in Sources */,
				569319BF24999A9D00EA6EE5 /* Problem0006.swift in Sources */,
				5661DD8B24B1EF3100FE16D4 /* Problem0007.swift in Sources */,
				563D6EBD24F6E58F001812BF /* Problem0013.swift in Sources */,
				56C518B724D34C680028F825 /* Problem0011.swift in Sources */,
				56BBD28A248631FA008FFC8A /* Problem0002.swift in Sources */,
				568830B324BDAA7100077250 /* ProblemData.swift in Sources */,
				56BD564524CF9D15002DF2F4 /* PrimeSieve.swift in Sources */,
				569A7613247BDA9B003021ED /* Problem0001.swift in Sources */,
				56D53B09248EF65200631233 /* IsPrime.swift in Sources */,
				568830B024BDAA1100077250 /* Problem0008.swift in Sources */,
				568F50242487287E00AAC556 /* PrimeFactors.swift in Sources */,
				56D0885324A50A7900B77033 /* ProjectEulerApp.swift in Sources */,
			);
			runOnlyForDeploymentPostprocessing = 0;
		};
		569A75FF247BD9CB003021ED /* Sources */ = {
			isa = PBXSourcesBuildPhase;
			buildActionMask = 2147483647;
			files = (
				569A7608247BD9CB003021ED /* ProjectEulerTests.swift in Sources */,
			);
			runOnlyForDeploymentPostprocessing = 0;
		};
/* End PBXSourcesBuildPhase section */

/* Begin PBXTargetDependency section */
		569A7605247BD9CB003021ED /* PBXTargetDependency */ = {
			isa = PBXTargetDependency;
			target = 569A75ED247BD9C9003021ED /* macOS */;
			targetProxy = 569A7604247BD9CB003021ED /* PBXContainerItemProxy */;
		};
/* End PBXTargetDependency section */

/* Begin XCBuildConfiguration section */
		5604F5C524A50D99005039C1 /* Debug */ = {
			isa = XCBuildConfiguration;
			buildSettings = {
				ASSETCATALOG_COMPILER_GLOBAL_ACCENT_COLOR_NAME = AccentColor;
				CODE_SIGN_STYLE = Automatic;
				DEVELOPMENT_TEAM = ZM4N24RK3Z;
				ENABLE_PREVIEWS = YES;
				INFOPLIST_FILE = iOS/Info.plist;
				IPHONEOS_DEPLOYMENT_TARGET = 14.0;
				LD_RUNPATH_SEARCH_PATHS = (
					"$(inherited)",
					"@executable_path/Frameworks",
				);
				PRODUCT_BUNDLE_IDENTIFIER = technology.krueger.ProjectEuler;
				PRODUCT_NAME = "$(TARGET_NAME)";
				SDKROOT = iphoneos;
				SWIFT_VERSION = 5.0;
				TARGETED_DEVICE_FAMILY = "1,2";
			};
			name = Debug;
		};
		5604F5C624A50D99005039C1 /* Release */ = {
			isa = XCBuildConfiguration;
			buildSettings = {
				ASSETCATALOG_COMPILER_GLOBAL_ACCENT_COLOR_NAME = AccentColor;
				CODE_SIGN_STYLE = Automatic;
				DEVELOPMENT_TEAM = ZM4N24RK3Z;
				ENABLE_PREVIEWS = YES;
				INFOPLIST_FILE = iOS/Info.plist;
				IPHONEOS_DEPLOYMENT_TARGET = 14.0;
				LD_RUNPATH_SEARCH_PATHS = (
					"$(inherited)",
					"@executable_path/Frameworks",
				);
				PRODUCT_BUNDLE_IDENTIFIER = technology.krueger.ProjectEuler;
				PRODUCT_NAME = "$(TARGET_NAME)";
				SDKROOT = iphoneos;
				SWIFT_VERSION = 5.0;
				TARGETED_DEVICE_FAMILY = "1,2";
				VALIDATE_PRODUCT = YES;
			};
			name = Release;
		};
		569A760A247BD9CB003021ED /* Debug */ = {
			isa = XCBuildConfiguration;
			buildSettings = {
				ALWAYS_SEARCH_USER_PATHS = NO;
				CLANG_ANALYZER_NONNULL = YES;
				CLANG_ANALYZER_NUMBER_OBJECT_CONVERSION = YES_AGGRESSIVE;
				CLANG_CXX_LANGUAGE_STANDARD = "gnu++14";
				CLANG_CXX_LIBRARY = "libc++";
				CLANG_ENABLE_MODULES = YES;
				CLANG_ENABLE_OBJC_ARC = YES;
				CLANG_ENABLE_OBJC_WEAK = YES;
				CLANG_WARN_BLOCK_CAPTURE_AUTORELEASING = YES;
				CLANG_WARN_BOOL_CONVERSION = YES;
				CLANG_WARN_COMMA = YES;
				CLANG_WARN_CONSTANT_CONVERSION = YES;
				CLANG_WARN_DEPRECATED_OBJC_IMPLEMENTATIONS = YES;
				CLANG_WARN_DIRECT_OBJC_ISA_USAGE = YES_ERROR;
				CLANG_WARN_DOCUMENTATION_COMMENTS = YES;
				CLANG_WARN_EMPTY_BODY = YES;
				CLANG_WARN_ENUM_CONVERSION = YES;
				CLANG_WARN_INFINITE_RECURSION = YES;
				CLANG_WARN_INT_CONVERSION = YES;
				CLANG_WARN_NON_LITERAL_NULL_CONVERSION = YES;
				CLANG_WARN_OBJC_IMPLICIT_RETAIN_SELF = YES;
				CLANG_WARN_OBJC_LITERAL_CONVERSION = YES;
				CLANG_WARN_OBJC_ROOT_CLASS = YES_ERROR;
				CLANG_WARN_QUOTED_INCLUDE_IN_FRAMEWORK_HEADER = YES;
				CLANG_WARN_RANGE_LOOP_ANALYSIS = YES;
				CLANG_WARN_STRICT_PROTOTYPES = YES;
				CLANG_WARN_SUSPICIOUS_MOVE = YES;
				CLANG_WARN_UNGUARDED_AVAILABILITY = YES_AGGRESSIVE;
				CLANG_WARN_UNREACHABLE_CODE = YES;
				CLANG_WARN__DUPLICATE_METHOD_MATCH = YES;
				COPY_PHASE_STRIP = NO;
				DEBUG_INFORMATION_FORMAT = dwarf;
				ENABLE_STRICT_OBJC_MSGSEND = YES;
				ENABLE_TESTABILITY = YES;
				GCC_C_LANGUAGE_STANDARD = gnu11;
				GCC_DYNAMIC_NO_PIC = NO;
				GCC_NO_COMMON_BLOCKS = YES;
				GCC_OPTIMIZATION_LEVEL = 0;
				GCC_PREPROCESSOR_DEFINITIONS = (
					"DEBUG=1",
					"$(inherited)",
				);
				GCC_WARN_64_TO_32_BIT_CONVERSION = YES;
				GCC_WARN_ABOUT_RETURN_TYPE = YES_ERROR;
				GCC_WARN_UNDECLARED_SELECTOR = YES;
				GCC_WARN_UNINITIALIZED_AUTOS = YES_AGGRESSIVE;
				GCC_WARN_UNUSED_FUNCTION = YES;
				GCC_WARN_UNUSED_VARIABLE = YES;
				IPHONEOS_DEPLOYMENT_TARGET = 14.0;
				MACOSX_DEPLOYMENT_TARGET = 10.16;
				MTL_ENABLE_DEBUG_INFO = INCLUDE_SOURCE;
				MTL_FAST_MATH = YES;
				ONLY_ACTIVE_ARCH = YES;
				SDKROOT = macosx;
				SWIFT_ACTIVE_COMPILATION_CONDITIONS = DEBUG;
				SWIFT_OPTIMIZATION_LEVEL = "-Onone";
			};
			name = Debug;
		};
		569A760B247BD9CB003021ED /* Release */ = {
			isa = XCBuildConfiguration;
			buildSettings = {
				ALWAYS_SEARCH_USER_PATHS = NO;
				CLANG_ANALYZER_NONNULL = YES;
				CLANG_ANALYZER_NUMBER_OBJECT_CONVERSION = YES_AGGRESSIVE;
				CLANG_CXX_LANGUAGE_STANDARD = "gnu++14";
				CLANG_CXX_LIBRARY = "libc++";
				CLANG_ENABLE_MODULES = YES;
				CLANG_ENABLE_OBJC_ARC = YES;
				CLANG_ENABLE_OBJC_WEAK = YES;
				CLANG_WARN_BLOCK_CAPTURE_AUTORELEASING = YES;
				CLANG_WARN_BOOL_CONVERSION = YES;
				CLANG_WARN_COMMA = YES;
				CLANG_WARN_CONSTANT_CONVERSION = YES;
				CLANG_WARN_DEPRECATED_OBJC_IMPLEMENTATIONS = YES;
				CLANG_WARN_DIRECT_OBJC_ISA_USAGE = YES_ERROR;
				CLANG_WARN_DOCUMENTATION_COMMENTS = YES;
				CLANG_WARN_EMPTY_BODY = YES;
				CLANG_WARN_ENUM_CONVERSION = YES;
				CLANG_WARN_INFINITE_RECURSION = YES;
				CLANG_WARN_INT_CONVERSION = YES;
				CLANG_WARN_NON_LITERAL_NULL_CONVERSION = YES;
				CLANG_WARN_OBJC_IMPLICIT_RETAIN_SELF = YES;
				CLANG_WARN_OBJC_LITERAL_CONVERSION = YES;
				CLANG_WARN_OBJC_ROOT_CLASS = YES_ERROR;
				CLANG_WARN_QUOTED_INCLUDE_IN_FRAMEWORK_HEADER = YES;
				CLANG_WARN_RANGE_LOOP_ANALYSIS = YES;
				CLANG_WARN_STRICT_PROTOTYPES = YES;
				CLANG_WARN_SUSPICIOUS_MOVE = YES;
				CLANG_WARN_UNGUARDED_AVAILABILITY = YES_AGGRESSIVE;
				CLANG_WARN_UNREACHABLE_CODE = YES;
				CLANG_WARN__DUPLICATE_METHOD_MATCH = YES;
				COPY_PHASE_STRIP = NO;
				DEBUG_INFORMATION_FORMAT = "dwarf-with-dsym";
				ENABLE_NS_ASSERTIONS = NO;
				ENABLE_STRICT_OBJC_MSGSEND = YES;
				GCC_C_LANGUAGE_STANDARD = gnu11;
				GCC_NO_COMMON_BLOCKS = YES;
				GCC_WARN_64_TO_32_BIT_CONVERSION = YES;
				GCC_WARN_ABOUT_RETURN_TYPE = YES_ERROR;
				GCC_WARN_UNDECLARED_SELECTOR = YES;
				GCC_WARN_UNINITIALIZED_AUTOS = YES_AGGRESSIVE;
				GCC_WARN_UNUSED_FUNCTION = YES;
				GCC_WARN_UNUSED_VARIABLE = YES;
				IPHONEOS_DEPLOYMENT_TARGET = 14.0;
				MACOSX_DEPLOYMENT_TARGET = 10.16;
				MTL_ENABLE_DEBUG_INFO = NO;
				MTL_FAST_MATH = YES;
				SDKROOT = macosx;
				SWIFT_COMPILATION_MODE = wholemodule;
				SWIFT_OPTIMIZATION_LEVEL = "-O";
			};
			name = Release;
		};
		569A760D247BD9CB003021ED /* Debug */ = {
			isa = XCBuildConfiguration;
			buildSettings = {
				CODE_SIGN_ENTITLEMENTS = Mac/ProjectEuler.entitlements;
				CODE_SIGN_IDENTITY = "-";
				CODE_SIGN_STYLE = Automatic;
				COMBINE_HIDPI_IMAGES = YES;
				DEVELOPMENT_TEAM = ZM4N24RK3Z;
				ENABLE_HARDENED_RUNTIME = YES;
				ENABLE_PREVIEWS = YES;
				INFOPLIST_FILE = Mac/Info.plist;
				LD_RUNPATH_SEARCH_PATHS = (
					"$(inherited)",
					"@executable_path/../Frameworks",
				);
				MACOSX_DEPLOYMENT_TARGET = 10.16;
				PRODUCT_BUNDLE_IDENTIFIER = technology.krueger.ProjectEuler;
				PRODUCT_NAME = "$(TARGET_NAME)";
				SWIFT_VERSION = 5.0;
			};
			name = Debug;
		};
		569A760E247BD9CB003021ED /* Release */ = {
			isa = XCBuildConfiguration;
			buildSettings = {
				CODE_SIGN_ENTITLEMENTS = Mac/ProjectEuler.entitlements;
				CODE_SIGN_IDENTITY = "-";
				CODE_SIGN_STYLE = Automatic;
				COMBINE_HIDPI_IMAGES = YES;
				DEVELOPMENT_TEAM = ZM4N24RK3Z;
				ENABLE_HARDENED_RUNTIME = YES;
				ENABLE_PREVIEWS = YES;
				INFOPLIST_FILE = Mac/Info.plist;
				LD_RUNPATH_SEARCH_PATHS = (
					"$(inherited)",
					"@executable_path/../Frameworks",
				);
				MACOSX_DEPLOYMENT_TARGET = 10.16;
				PRODUCT_BUNDLE_IDENTIFIER = technology.krueger.ProjectEuler;
				PRODUCT_NAME = "$(TARGET_NAME)";
				SWIFT_VERSION = 5.0;
			};
			name = Release;
		};
		569A7610247BD9CB003021ED /* Debug */ = {
			isa = XCBuildConfiguration;
			buildSettings = {
				ALWAYS_EMBED_SWIFT_STANDARD_LIBRARIES = YES;
				BUNDLE_LOADER = "$(TEST_HOST)";
				CODE_SIGN_STYLE = Automatic;
				COMBINE_HIDPI_IMAGES = YES;
				DEVELOPMENT_TEAM = ZM4N24RK3Z;
				INFOPLIST_FILE = ProjectEulerTests/Info.plist;
				LD_RUNPATH_SEARCH_PATHS = (
					"$(inherited)",
					"@executable_path/../Frameworks",
					"@loader_path/../Frameworks",
				);
				MACOSX_DEPLOYMENT_TARGET = 10.15;
				PRODUCT_BUNDLE_IDENTIFIER = technology.krueger.ProjectEulerTests;
				PRODUCT_NAME = "$(TARGET_NAME)";
				SWIFT_VERSION = 5.0;
				TEST_HOST = "$(BUILT_PRODUCTS_DIR)/ProjectEuler.app/Contents/MacOS/ProjectEuler";
			};
			name = Debug;
		};
		569A7611247BD9CB003021ED /* Release */ = {
			isa = XCBuildConfiguration;
			buildSettings = {
				ALWAYS_EMBED_SWIFT_STANDARD_LIBRARIES = YES;
				BUNDLE_LOADER = "$(TEST_HOST)";
				CODE_SIGN_STYLE = Automatic;
				COMBINE_HIDPI_IMAGES = YES;
				DEVELOPMENT_TEAM = ZM4N24RK3Z;
				INFOPLIST_FILE = ProjectEulerTests/Info.plist;
				LD_RUNPATH_SEARCH_PATHS = (
					"$(inherited)",
					"@executable_path/../Frameworks",
					"@loader_path/../Frameworks",
				);
				MACOSX_DEPLOYMENT_TARGET = 10.15;
				PRODUCT_BUNDLE_IDENTIFIER = technology.krueger.ProjectEulerTests;
				PRODUCT_NAME = "$(TARGET_NAME)";
				SWIFT_VERSION = 5.0;
				TEST_HOST = "$(BUILT_PRODUCTS_DIR)/ProjectEuler.app/Contents/MacOS/ProjectEuler";
			};
			name = Release;
		};
/* End XCBuildConfiguration section */

/* Begin XCConfigurationList section */
		5604F5C424A50D99005039C1 /* Build configuration list for PBXNativeTarget "iOS" */ = {
			isa = XCConfigurationList;
			buildConfigurations = (
				5604F5C524A50D99005039C1 /* Debug */,
				5604F5C624A50D99005039C1 /* Release */,
			);
			defaultConfigurationIsVisible = 0;
			defaultConfigurationName = Release;
		};
		569A75E9247BD9C9003021ED /* Build configuration list for PBXProject "ProjectEuler" */ = {
			isa = XCConfigurationList;
			buildConfigurations = (
				569A760A247BD9CB003021ED /* Debug */,
				569A760B247BD9CB003021ED /* Release */,
			);
			defaultConfigurationIsVisible = 0;
			defaultConfigurationName = Release;
		};
		569A760C247BD9CB003021ED /* Build configuration list for PBXNativeTarget "macOS" */ = {
			isa = XCConfigurationList;
			buildConfigurations = (
				569A760D247BD9CB003021ED /* Debug */,
				569A760E247BD9CB003021ED /* Release */,
			);
			defaultConfigurationIsVisible = 0;
			defaultConfigurationName = Release;
		};
		569A760F247BD9CB003021ED /* Build configuration list for PBXNativeTarget "Tests" */ = {
			isa = XCConfigurationList;
			buildConfigurations = (
				569A7610247BD9CB003021ED /* Debug */,
				569A7611247BD9CB003021ED /* Release */,
			);
			defaultConfigurationIsVisible = 0;
			defaultConfigurationName = Release;
		};
/* End XCConfigurationList section */
	};
	rootObject = 569A75E6247BD9C9003021ED /* Project object */;
}
